
Microsoft Visual Studio Solution File, Format Version 12.00
# Visual Studio Version 17
VisualStudioVersion = 17.5.33516.290
MinimumVisualStudioVersion = 10.0.40219.1
Project("{FAE04EC0-301F-11D3-BF4B-00C04F79EFBC}") = "QuanLyNhaSach", "QuanLyNhaSach\QuanLyNhaSach.csproj", "{91A921C4-6446-4C94-BF2A-C4E8173EE43F}"
EndProject
Global
	GlobalSection(SolutionConfigurationPlatforms) = preSolution
		Debug|Any CPU = Debug|Any CPU
		Release|Any CPU = Release|Any CPU
	EndGlobalSection
	GlobalSection(ProjectConfigurationPlatforms) = postSolution
		{91A921C4-6446-4C94-BF2A-C4E8173EE43F}.Debug|Any CPU.ActiveCfg = Debug|Any CPU
		{91A921C4-6446-4C94-BF2A-C4E8173EE43F}.Debug|Any CPU.Build.0 = Debug|Any CPU
		{91A921C4-6446-4C94-BF2A-C4E8173EE43F}.Release|Any CPU.ActiveCfg = Release|Any CPU
		{91A921C4-6446-4C94-BF2A-C4E8173EE43F}.Release|Any CPU.Build.0 = Release|Any CPU
	EndGlobalSection
	GlobalSection(SolutionProperties) = preSolution
		HideSolutionNode = FALSE
	EndGlobalSection
	GlobalSection(ExtensibilityGlobals) = postSolution
		SolutionGuid = {09510184-170E-413D-A36A-0E559C406897}
	EndGlobalSection
EndGlobal
